// !$*UTF8*$!
{
	archiveVersion = 1;
	classes = {
	};
	objectVersion = 48;
	objects = {

/* Begin PBXBuildFile section */
		35627B2A1FDFBBAF005A8AC8 /* Constants.swift in Sources */ = {isa = PBXBuildFile; fileRef = 35627B291FDFBBAF005A8AC8 /* Constants.swift */; };
		35627B2C1FDFE790005A8AC8 /* PhotoCell.swift in Sources */ = {isa = PBXBuildFile; fileRef = 35627B2B1FDFE790005A8AC8 /* PhotoCell.swift */; };
		35627B2F1FDFFD0D005A8AC8 /* FlickrDataService.swift in Sources */ = {isa = PBXBuildFile; fileRef = 35627B2E1FDFFD0D005A8AC8 /* FlickrDataService.swift */; };
		35627B311FE021C7005A8AC8 /* PopVC.swift in Sources */ = {isa = PBXBuildFile; fileRef = 35627B301FE021C7005A8AC8 /* PopVC.swift */; };
		356EFA4F1FDE7E4200DE7652 /* AppDelegate.swift in Sources */ = {isa = PBXBuildFile; fileRef = 356EFA4E1FDE7E4200DE7652 /* AppDelegate.swift */; };
		356EFA511FDE7E4200DE7652 /* MapVC.swift in Sources */ = {isa = PBXBuildFile; fileRef = 356EFA501FDE7E4200DE7652 /* MapVC.swift */; };
		356EFA541FDE7E4200DE7652 /* Main.storyboard in Resources */ = {isa = PBXBuildFile; fileRef = 356EFA521FDE7E4200DE7652 /* Main.storyboard */; };
		356EFA561FDE7E4200DE7652 /* Assets.xcassets in Resources */ = {isa = PBXBuildFile; fileRef = 356EFA551FDE7E4200DE7652 /* Assets.xcassets */; };
		356EFA591FDE7E4200DE7652 /* LaunchScreen.storyboard in Resources */ = {isa = PBXBuildFile; fileRef = 356EFA571FDE7E4200DE7652 /* LaunchScreen.storyboard */; };
		35D9053B1FDF2A7A007AFE7D /* DroppablePin.swift in Sources */ = {isa = PBXBuildFile; fileRef = 35D9053A1FDF2A7A007AFE7D /* DroppablePin.swift */; };
		9B9E63BBEF23D70F087663B8 /* Pods_pixel_city.framework in Frameworks */ = {isa = PBXBuildFile; fileRef = 6D1551910AE34AB20B0ABDC0 /* Pods_pixel_city.framework */; };
/* End PBXBuildFile section */

/* Begin PBXFileReference section */
		0A77F48EDEF28F9DDA4220A5 /* Pods-pixel-city.debug.xcconfig */ = {isa = PBXFileReference; includeInIndex = 1; lastKnownFileType = text.xcconfig; name = "Pods-pixel-city.debug.xcconfig"; path = "Pods/Target Support Files/Pods-pixel-city/Pods-pixel-city.debug.xcconfig"; sourceTree = "<group>"; };
		35627B291FDFBBAF005A8AC8 /* Constants.swift */ = {isa = PBXFileReference; lastKnownFileType = sourcecode.swift; path = Constants.swift; sourceTree = "<group>"; };
		35627B2B1FDFE790005A8AC8 /* PhotoCell.swift */ = {isa = PBXFileReference; lastKnownFileType = sourcecode.swift; path = PhotoCell.swift; sourceTree = "<group>"; };
		35627B2E1FDFFD0D005A8AC8 /* FlickrDataService.swift */ = {isa = PBXFileReference; lastKnownFileType = sourcecode.swift; path = FlickrDataService.swift; sourceTree = "<group>"; };
		35627B301FE021C7005A8AC8 /* PopVC.swift */ = {isa = PBXFileReference; lastKnownFileType = sourcecode.swift; path = PopVC.swift; sourceTree = "<group>"; };
		356EFA4B1FDE7E4200DE7652 /* pixel-city.app */ = {isa = PBXFileReference; explicitFileType = wrapper.application; includeInIndex = 0; path = "pixel-city.app"; sourceTree = BUILT_PRODUCTS_DIR; };
		356EFA4E1FDE7E4200DE7652 /* AppDelegate.swift */ = {isa = PBXFileReference; lastKnownFileType = sourcecode.swift; path = AppDelegate.swift; sourceTree = "<group>"; };
		356EFA501FDE7E4200DE7652 /* MapVC.swift */ = {isa = PBXFileReference; lastKnownFileType = sourcecode.swift; path = MapVC.swift; sourceTree = "<group>"; };
		356EFA531FDE7E4200DE7652 /* Base */ = {isa = PBXFileReference; lastKnownFileType = file.storyboard; name = Base; path = Base.lproj/Main.storyboard; sourceTree = "<group>"; };
		356EFA551FDE7E4200DE7652 /* Assets.xcassets */ = {isa = PBXFileReference; lastKnownFileType = folder.assetcatalog; path = Assets.xcassets; sourceTree = "<group>"; };
		356EFA581FDE7E4200DE7652 /* Base */ = {isa = PBXFileReference; lastKnownFileType = file.storyboard; name = Base; path = Base.lproj/LaunchScreen.storyboard; sourceTree = "<group>"; };
		356EFA5A1FDE7E4200DE7652 /* Info.plist */ = {isa = PBXFileReference; lastKnownFileType = text.plist.xml; path = Info.plist; sourceTree = "<group>"; };
		35D9053A1FDF2A7A007AFE7D /* DroppablePin.swift */ = {isa = PBXFileReference; lastKnownFileType = sourcecode.swift; path = DroppablePin.swift; sourceTree = "<group>"; };
		648FC6AB8C58E84BE4F49296 /* Pods-pixel-city.release.xcconfig */ = {isa = PBXFileReference; includeInIndex = 1; lastKnownFileType = text.xcconfig; name = "Pods-pixel-city.release.xcconfig"; path = "Pods/Target Support Files/Pods-pixel-city/Pods-pixel-city.release.xcconfig"; sourceTree = "<group>"; };
		6D1551910AE34AB20B0ABDC0 /* Pods_pixel_city.framework */ = {isa = PBXFileReference; explicitFileType = wrapper.framework; includeInIndex = 0; path = Pods_pixel_city.framework; sourceTree = BUILT_PRODUCTS_DIR; };
/* End PBXFileReference section */

/* Begin PBXFrameworksBuildPhase section */
		356EFA481FDE7E4200DE7652 /* Frameworks */ = {
			isa = PBXFrameworksBuildPhase;
			buildActionMask = 2147483647;
			files = (
				9B9E63BBEF23D70F087663B8 /* Pods_pixel_city.framework in Frameworks */,
			);
			runOnlyForDeploymentPostprocessing = 0;
		};
/* End PBXFrameworksBuildPhase section */

/* Begin PBXGroup section */
		2593EE2D8C13350EFE5B0E08 /* Frameworks */ = {
			isa = PBXGroup;
			children = (
				6D1551910AE34AB20B0ABDC0 /* Pods_pixel_city.framework */,
			);
			name = Frameworks;
			sourceTree = "<group>";
		};
		35627B2D1FDFFCED005A8AC8 /* Services */ = {
			isa = PBXGroup;
			children = (
				35627B2E1FDFFD0D005A8AC8 /* FlickrDataService.swift */,
			);
			path = Services;
			sourceTree = "<group>";
		};
		356EFA421FDE7E4100DE7652 = {
			isa = PBXGroup;
			children = (
				356EFA4D1FDE7E4200DE7652 /* pixel-city */,
				356EFA4C1FDE7E4200DE7652 /* Products */,
				7636A3059E92652232B50B65 /* Pods */,
				2593EE2D8C13350EFE5B0E08 /* Frameworks */,
			);
			sourceTree = "<group>";
		};
		356EFA4C1FDE7E4200DE7652 /* Products */ = {
			isa = PBXGroup;
			children = (
				356EFA4B1FDE7E4200DE7652 /* pixel-city.app */,
			);
			name = Products;
			sourceTree = "<group>";
		};
		356EFA4D1FDE7E4200DE7652 /* pixel-city */ = {
			isa = PBXGroup;
			children = (
				35627B2D1FDFFCED005A8AC8 /* Services */,
				356EFA641FDE854500DE7652 /* Utilities */,
				356EFA631FDE850900DE7652 /* Extensions */,
				356EFA621FDE7E7C00DE7652 /* Models */,
				356EFA611FDE7E7100DE7652 /* Views */,
				356EFA601FDE7E5F00DE7652 /* Controllers */,
				356EFA4E1FDE7E4200DE7652 /* AppDelegate.swift */,
				356EFA521FDE7E4200DE7652 /* Main.storyboard */,
				356EFA551FDE7E4200DE7652 /* Assets.xcassets */,
				356EFA571FDE7E4200DE7652 /* LaunchScreen.storyboard */,
				356EFA5A1FDE7E4200DE7652 /* Info.plist */,
			);
			path = "pixel-city";
			sourceTree = "<group>";
		};
		356EFA601FDE7E5F00DE7652 /* Controllers */ = {
			isa = PBXGroup;
			children = (
				356EFA501FDE7E4200DE7652 /* MapVC.swift */,
				35627B301FE021C7005A8AC8 /* PopVC.swift */,
			);
			path = Controllers;
			sourceTree = "<group>";
		};
		356EFA611FDE7E7100DE7652 /* Views */ = {
			isa = PBXGroup;
			children = (
				35D9053A1FDF2A7A007AFE7D /* DroppablePin.swift */,
				35627B2B1FDFE790005A8AC8 /* PhotoCell.swift */,
			);
			path = Views;
			sourceTree = "<group>";
		};
		356EFA621FDE7E7C00DE7652 /* Models */ = {
			isa = PBXGroup;
			children = (
			);
			path = Models;
			sourceTree = "<group>";
		};
		356EFA631FDE850900DE7652 /* Extensions */ = {
			isa = PBXGroup;
			children = (
			);
			path = Extensions;
			sourceTree = "<group>";
		};
		356EFA641FDE854500DE7652 /* Utilities */ = {
			isa = PBXGroup;
			children = (
				35627B291FDFBBAF005A8AC8 /* Constants.swift */,
			);
			path = Utilities;
			sourceTree = "<group>";
		};
		7636A3059E92652232B50B65 /* Pods */ = {
			isa = PBXGroup;
			children = (
				0A77F48EDEF28F9DDA4220A5 /* Pods-pixel-city.debug.xcconfig */,
				648FC6AB8C58E84BE4F49296 /* Pods-pixel-city.release.xcconfig */,
			);
			name = Pods;
			sourceTree = "<group>";
		};
/* End PBXGroup section */

/* Begin PBXNativeTarget section */
		356EFA4A1FDE7E4200DE7652 /* pixel-city */ = {
			isa = PBXNativeTarget;
			buildConfigurationList = 356EFA5D1FDE7E4200DE7652 /* Build configuration list for PBXNativeTarget "pixel-city" */;
			buildPhases = (
				C71BDBBA53F204B2C555E05B /* [CP] Check Pods Manifest.lock */,
				356EFA471FDE7E4200DE7652 /* Sources */,
				356EFA481FDE7E4200DE7652 /* Frameworks */,
				356EFA491FDE7E4200DE7652 /* Resources */,
				C73161FC8F8ED3C5803A8936 /* [CP] Embed Pods Frameworks */,
				7520D4A7F7EC08E4A459A08C /* [CP] Copy Pods Resources */,
			);
			buildRules = (
			);
			dependencies = (
			);
			name = "pixel-city";
			productName = "pixel-city";
			productReference = 356EFA4B1FDE7E4200DE7652 /* pixel-city.app */;
			productType = "com.apple.product-type.application";
		};
/* End PBXNativeTarget section */

/* Begin PBXProject section */
		356EFA431FDE7E4100DE7652 /* Project object */ = {
			isa = PBXProject;
			attributes = {
				LastSwiftUpdateCheck = 0920;
				LastUpgradeCheck = 0920;
				ORGANIZATIONNAME = "Николай Маторин";
				TargetAttributes = {
					356EFA4A1FDE7E4200DE7652 = {
						CreatedOnToolsVersion = 9.2;
						ProvisioningStyle = Automatic;
					};
				};
			};
			buildConfigurationList = 356EFA461FDE7E4100DE7652 /* Build configuration list for PBXProject "pixel-city" */;
			compatibilityVersion = "Xcode 8.0";
			developmentRegion = en;
			hasScannedForEncodings = 0;
			knownRegions = (
				en,
				Base,
			);
			mainGroup = 356EFA421FDE7E4100DE7652;
			productRefGroup = 356EFA4C1FDE7E4200DE7652 /* Products */;
			projectDirPath = "";
			projectRoot = "";
			targets = (
				356EFA4A1FDE7E4200DE7652 /* pixel-city */,
			);
		};
/* End PBXProject section */

/* Begin PBXResourcesBuildPhase section */
		356EFA491FDE7E4200DE7652 /* Resources */ = {
			isa = PBXResourcesBuildPhase;
			buildActionMask = 2147483647;
			files = (
				356EFA591FDE7E4200DE7652 /* LaunchScreen.storyboard in Resources */,
				356EFA561FDE7E4200DE7652 /* Assets.xcassets in Resources */,
				356EFA541FDE7E4200DE7652 /* Main.storyboard in Resources */,
			);
			runOnlyForDeploymentPostprocessing = 0;
		};
/* End PBXResourcesBuildPhase section */

/* Begin PBXShellScriptBuildPhase section */
		7520D4A7F7EC08E4A459A08C /* [CP] Copy Pods Resources */ = {
			isa = PBXShellScriptBuildPhase;
			buildActionMask = 2147483647;
			files = (
			);
			inputPaths = (
			);
			name = "[CP] Copy Pods Resources";
			outputPaths = (
			);
			runOnlyForDeploymentPostprocessing = 0;
			shellPath = /bin/sh;
			shellScript = "\"${SRCROOT}/Pods/Target Support Files/Pods-pixel-city/Pods-pixel-city-resources.sh\"\n";
			showEnvVarsInLog = 0;
		};
		C71BDBBA53F204B2C555E05B /* [CP] Check Pods Manifest.lock */ = {
			isa = PBXShellScriptBuildPhase;
			buildActionMask = 2147483647;
			files = (
			);
			inputPaths = (
			);
			name = "[CP] Check Pods Manifest.lock";
			outputPaths = (
			);
			runOnlyForDeploymentPostprocessing = 0;
			shellPath = /bin/sh;
			shellScript = "diff \"${PODS_ROOT}/../Podfile.lock\" \"${PODS_ROOT}/Manifest.lock\" > /dev/null\nif [ $? != 0 ] ; then\n    # print error to STDERR\n    echo \"error: The sandbox is not in sync with the Podfile.lock. Run 'pod install' or update your CocoaPods installation.\" >&2\n    exit 1\nfi\n";
			showEnvVarsInLog = 0;
		};
		C73161FC8F8ED3C5803A8936 /* [CP] Embed Pods Frameworks */ = {
			isa = PBXShellScriptBuildPhase;
			buildActionMask = 2147483647;
			files = (
			);
			inputPaths = (
			);
			name = "[CP] Embed Pods Frameworks";
			outputPaths = (
			);
			runOnlyForDeploymentPostprocessing = 0;
			shellPath = /bin/sh;
			shellScript = "\"${SRCROOT}/Pods/Target Support Files/Pods-pixel-city/Pods-pixel-city-frameworks.sh\"\n";
			showEnvVarsInLog = 0;
		};
/* End PBXShellScriptBuildPhase section */

/* Begin PBXSourcesBuildPhase section */
		356EFA471FDE7E4200DE7652 /* Sources */ = {
			isa = PBXSourcesBuildPhase;
			buildActionMask = 2147483647;
			files = (
				356EFA511FDE7E4200DE7652 /* MapVC.swift in Sources */,
				35627B2C1FDFE790005A8AC8 /* PhotoCell.swift in Sources */,
				35627B311FE021C7005A8AC8 /* PopVC.swift in Sources */,
				35D9053B1FDF2A7A007AFE7D /* DroppablePin.swift in Sources */,
				35627B2F1FDFFD0D005A8AC8 /* FlickrDataService.swift in Sources */,
				356EFA4F1FDE7E4200DE7652 /* AppDelegate.swift in Sources */,
				35627B2A1FDFBBAF005A8AC8 /* Constants.swift in Sources */,
			);
			runOnlyForDeploymentPostprocessing = 0;
		};
/* End PBXSourcesBuildPhase section */

/* Begin PBXVariantGroup section */
		356EFA521FDE7E4200DE7652 /* Main.storyboard */ = {
			isa = PBXVariantGroup;
			children = (
				356EFA531FDE7E4200DE7652 /* Base */,
			);
			name = Main.storyboard;
			sourceTree = "<group>";
		};
		356EFA571FDE7E4200DE7652 /* LaunchScreen.storyboard */ = {
			isa = PBXVariantGroup;
			children = (
				356EFA581FDE7E4200DE7652 /* Base */,
			);
			name = LaunchScreen.storyboard;
			sourceTree = "<group>";
		};
/* End PBXVariantGroup section */

/* Begin XCBuildConfiguration section */
		356EFA5B1FDE7E4200DE7652 /* Debug */ = {
			isa = XCBuildConfiguration;
			buildSettings = {
				ALWAYS_SEARCH_USER_PATHS = NO;
				CLANG_ANALYZER_NONNULL = YES;
				CLANG_ANALYZER_NUMBER_OBJECT_CONVERSION = YES_AGGRESSIVE;
				CLANG_CXX_LANGUAGE_STANDARD = "gnu++14";
				CLANG_CXX_LIBRARY = "libc++";
				CLANG_ENABLE_MODULES = YES;
				CLANG_ENABLE_OBJC_ARC = YES;
				CLANG_WARN_BLOCK_CAPTURE_AUTORELEASING = YES;
				CLANG_WARN_BOOL_CONVERSION = YES;
				CLANG_WARN_COMMA = YES;
				CLANG_WARN_CONSTANT_CONVERSION = YES;
				CLANG_WARN_DIRECT_OBJC_ISA_USAGE = YES_ERROR;
				CLANG_WARN_DOCUMENTATION_COMMENTS = YES;
				CLANG_WARN_EMPTY_BODY = YES;
				CLANG_WARN_ENUM_CONVERSION = YES;
				CLANG_WARN_INFINITE_RECURSION = YES;
				CLANG_WARN_INT_CONVERSION = YES;
				CLANG_WARN_NON_LITERAL_NULL_CONVERSION = YES;
				CLANG_WARN_OBJC_LITERAL_CONVERSION = YES;
				CLANG_WARN_OBJC_ROOT_CLASS = YES_ERROR;
				CLANG_WARN_RANGE_LOOP_ANALYSIS = YES;
				CLANG_WARN_STRICT_PROTOTYPES = YES;
				CLANG_WARN_SUSPICIOUS_MOVE = YES;
				CLANG_WARN_UNGUARDED_AVAILABILITY = YES_AGGRESSIVE;
				CLANG_WARN_UNREACHABLE_CODE = YES;
				CLANG_WARN__DUPLICATE_METHOD_MATCH = YES;
				CODE_SIGN_IDENTITY = "iPhone Developer";
				COPY_PHASE_STRIP = NO;
				DEBUG_INFORMATION_FORMAT = dwarf;
				ENABLE_STRICT_OBJC_MSGSEND = YES;
				ENABLE_TESTABILITY = YES;
				GCC_C_LANGUAGE_STANDARD = gnu11;
				GCC_DYNAMIC_NO_PIC = NO;
				GCC_NO_COMMON_BLOCKS = YES;
				GCC_OPTIMIZATION_LEVEL = 0;
				GCC_PREPROCESSOR_DEFINITIONS = (
					"DEBUG=1",
					"$(inherited)",
				);
				GCC_WARN_64_TO_32_BIT_CONVERSION = YES;
				GCC_WARN_ABOUT_RETURN_TYPE = YES_ERROR;
				GCC_WARN_UNDECLARED_SELECTOR = YES;
				GCC_WARN_UNINITIALIZED_AUTOS = YES_AGGRESSIVE;
				GCC_WARN_UNUSED_FUNCTION = YES;
				GCC_WARN_UNUSED_VARIABLE = YES;
				IPHONEOS_DEPLOYMENT_TARGET = 11.2;
				MTL_ENABLE_DEBUG_INFO = YES;
				ONLY_ACTIVE_ARCH = YES;
				SDKROOT = iphoneos;
				SWIFT_ACTIVE_COMPILATION_CONDITIONS = DEBUG;
				SWIFT_OPTIMIZATION_LEVEL = "-Onone";
			};
			name = Debug;
		};
		356EFA5C1FDE7E4200DE7652 /* Release */ = {
			isa = XCBuildConfiguration;
			buildSettings = {
				ALWAYS_SEARCH_USER_PATHS = NO;
				CLANG_ANALYZER_NONNULL = YES;
				CLANG_ANALYZER_NUMBER_OBJECT_CONVERSION = YES_AGGRESSIVE;
				CLANG_CXX_LANGUAGE_STANDARD = "gnu++14";
				CLANG_CXX_LIBRARY = "libc++";
				CLANG_ENABLE_MODULES = YES;
				CLANG_ENABLE_OBJC_ARC = YES;
				CLANG_WARN_BLOCK_CAPTURE_AUTORELEASING = YES;
				CLANG_WARN_BOOL_CONVERSION = YES;
				CLANG_WARN_COMMA = YES;
				CLANG_WARN_CONSTANT_CONVERSION = YES;
				CLANG_WARN_DIRECT_OBJC_ISA_USAGE = YES_ERROR;
				CLANG_WARN_DOCUMENTATION_COMMENTS = YES;
				CLANG_WARN_EMPTY_BODY = YES;
				CLANG_WARN_ENUM_CONVERSION = YES;
				CLANG_WARN_INFINITE_RECURSION = YES;
				CLANG_WARN_INT_CONVERSION = YES;
				CLANG_WARN_NON_LITERAL_NULL_CONVERSION = YES;
				CLANG_WARN_OBJC_LITERAL_CONVERSION = YES;
				CLANG_WARN_OBJC_ROOT_CLASS = YES_ERROR;
				CLANG_WARN_RANGE_LOOP_ANALYSIS = YES;
				CLANG_WARN_STRICT_PROTOTYPES = YES;
				CLANG_WARN_SUSPICIOUS_MOVE = YES;
				CLANG_WARN_UNGUARDED_AVAILABILITY = YES_AGGRESSIVE;
				CLANG_WARN_UNREACHABLE_CODE = YES;
				CLANG_WARN__DUPLICATE_METHOD_MATCH = YES;
				CODE_SIGN_IDENTITY = "iPhone Developer";
				COPY_PHASE_STRIP = NO;
				DEBUG_INFORMATION_FORMAT = "dwarf-with-dsym";
				ENABLE_NS_ASSERTIONS = NO;
				ENABLE_STRICT_OBJC_MSGSEND = YES;
				GCC_C_LANGUAGE_STANDARD = gnu11;
				GCC_NO_COMMON_BLOCKS = YES;
				GCC_WARN_64_TO_32_BIT_CONVERSION = YES;
				GCC_WARN_ABOUT_RETURN_TYPE = YES_ERROR;
				GCC_WARN_UNDECLARED_SELECTOR = YES;
				GCC_WARN_UNINITIALIZED_AUTOS = YES_AGGRESSIVE;
				GCC_WARN_UNUSED_FUNCTION = YES;
				GCC_WARN_UNUSED_VARIABLE = YES;
				IPHONEOS_DEPLOYMENT_TARGET = 11.2;
				MTL_ENABLE_DEBUG_INFO = NO;
				SDKROOT = iphoneos;
				SWIFT_OPTIMIZATION_LEVEL = "-Owholemodule";
				VALIDATE_PRODUCT = YES;
			};
			name = Release;
		};
		356EFA5E1FDE7E4200DE7652 /* Debug */ = {
			isa = XCBuildConfiguration;
			baseConfigurationReference = 0A77F48EDEF28F9DDA4220A5 /* Pods-pixel-city.debug.xcconfig */;
			buildSettings = {
				ASSETCATALOG_COMPILER_APPICON_NAME = AppIcon;
				CODE_SIGN_STYLE = Automatic;
				DEVELOPMENT_TEAM = MS2RMDYK3L;
				INFOPLIST_FILE = "pixel-city/Info.plist";
				LD_RUNPATH_SEARCH_PATHS = "$(inherited) @executable_path/Frameworks";
				PRODUCT_BUNDLE_IDENTIFIER = "BobKexit.pixel-city";
				PRODUCT_NAME = "$(TARGET_NAME)";
				SWIFT_VERSION = 4.0;
				TARGETED_DEVICE_FAMILY = "1,2";
			};
			name = Debug;
		};
		356EFA5F1FDE7E4200DE7652 /* Release */ = {
			isa = XCBuildConfiguration;
			baseConfigurationReference = 648FC6AB8C58E84BE4F49296 /* Pods-pixel-city.release.xcconfig */;
			buildSettings = {
				ASSETCATALOG_COMPILER_APPICON_NAME = AppIcon;
				CODE_SIGN_STYLE = Automatic;
				DEVELOPMENT_TEAM = MS2RMDYK3L;
				INFOPLIST_FILE = "pixel-city/Info.plist";
				LD_RUNPATH_SEARCH_PATHS = "$(inherited) @executable_path/Frameworks";
				PRODUCT_BUNDLE_IDENTIFIER = "BobKexit.pixel-city";
				PRODUCT_NAME = "$(TARGET_NAME)";
				SWIFT_VERSION = 4.0;
				TARGETED_DEVICE_FAMILY = "1,2";
			};
			name = Release;
		};
/* End XCBuildConfiguration section */

/* Begin XCConfigurationList section */
		356EFA461FDE7E4100DE7652 /* Build configuration list for PBXProject "pixel-city" */ = {
			isa = XCConfigurationList;
			buildConfigurations = (
				356EFA5B1FDE7E4200DE7652 /* Debug */,
				356EFA5C1FDE7E4200DE7652 /* Release */,
			);
			defaultConfigurationIsVisible = 0;
			defaultConfigurationName = Release;
		};
		356EFA5D1FDE7E4200DE7652 /* Build configuration list for PBXNativeTarget "pixel-city" */ = {
			isa = XCConfigurationList;
			buildConfigurations = (
				356EFA5E1FDE7E4200DE7652 /* Debug */,
				356EFA5F1FDE7E4200DE7652 /* Release */,
			);
			defaultConfigurationIsVisible = 0;
			defaultConfigurationName = Release;
		};
/* End XCConfigurationList section */
	};
	rootObject = 356EFA431FDE7E4100DE7652 /* Project object */;
}
